
Microsoft Visual Studio Solution File, Format Version 12.00
# Visual Studio Version 18
VisualStudioVersion = 18.3.11512.155 d18.3
MinimumVisualStudioVersion = 10.0.40219.1
Project("{FAE04EC0-301F-11D3-BF4B-00C04F79EFBC}") = "ElectronicJournalfinal", "ElectronicJournalfinal.csproj", "{597A7211-5790-42FE-A753-2000BA117A5F}"
EndProject
Global
	GlobalSection(SolutionConfigurationPlatforms) = preSolution
		Debug|Any CPU = Debug|Any CPU
		Release|Any CPU = Release|Any CPU
	EndGlobalSection
	GlobalSection(ProjectConfigurationPlatforms) = postSolution
		{597A7211-5790-42FE-A753-2000BA117A5F}.Debug|Any CPU.ActiveCfg = Debug|Any CPU
		{597A7211-5790-42FE-A753-2000BA117A5F}.Debug|Any CPU.Build.0 = Debug|Any CPU
		{597A7211-5790-42FE-A753-2000BA117A5F}.Release|Any CPU.ActiveCfg = Release|Any CPU
		{597A7211-5790-42FE-A753-2000BA117A5F}.Release|Any CPU.Build.0 = Release|Any CPU
	EndGlobalSection
	GlobalSection(SolutionProperties) = preSolution
		HideSolutionNode = FALSE
	EndGlobalSection
	GlobalSection(ExtensibilityGlobals) = postSolution
		SolutionGuid = {FF277854-E225-4389-BF4C-481B2C2D3090}
	EndGlobalSection
EndGlobal
